
Microsoft Visual Studio Solution File, Format Version 12.00
# Visual Studio Version 17
VisualStudioVersion = 17.1.32414.318
MinimumVisualStudioVersion = 10.0.40219.1
Project("{8BC9CEB8-8B4A-11D0-8D11-00A0C91BC942}") = "Project2", "Project2\Project2.vcxproj", "{2EDE96F2-96E6-46C3-A911-85FB0D1AF76A}"
EndProject
Global
	GlobalSection(SolutionConfigurationPlatforms) = preSolution
		Debug|x64 = Debug|x64
		Debug|x86 = Debug|x86
		Release|x64 = Release|x64
		Release|x86 = Release|x86
	EndGlobalSection
	GlobalSection(ProjectConfigurationPlatforms) = postSolution
		{2EDE96F2-96E6-46C3-A911-85FB0D1AF76A}.Debug|x64.ActiveCfg = Debug|x64
		{2EDE96F2-96E6-46C3-A911-85FB0D1AF76A}.Debug|x64.Build.0 = Debug|x64
		{2EDE96F2-96E6-46C3-A911-85FB0D1AF76A}.Debug|x86.ActiveCfg = Debug|Win32
		{2EDE96F2-96E6-46C3-A911-85FB0D1AF76A}.Debug|x86.Build.0 = Debug|Win32
		{2EDE96F2-96E6-46C3-A911-85FB0D1AF76A}.Release|x64.ActiveCfg = Release|x64
		{2EDE96F2-96E6-46C3-A911-85FB0D1AF76A}.Release|x64.Build.0 = Release|x64
		{2EDE96F2-96E6-46C3-A911-85FB0D1AF76A}.Release|x86.ActiveCfg = Release|Win32
		{2EDE96F2-96E6-46C3-A911-85FB0D1AF76A}.Release|x86.Build.0 = Release|Win32
	EndGlobalSection
	GlobalSection(SolutionProperties) = preSolution
		HideSolutionNode = FALSE
	EndGlobalSection
	GlobalSection(ExtensibilityGlobals) = postSolution
		SolutionGuid = {B7DD4C65-7194-4B33-836E-E8D1DFF87F46}
	EndGlobalSection
EndGlobal
